
Microsoft Visual Studio Solution File, Format Version 12.00
Project("{FAE04EC0-301F-11D3-BF4B-00C04F79EFBC}") = "Paint", "Paint\Paint.csproj", "{A8910699-B3BD-4382-B9B5-80A367C5B749}"
EndProject
Project("{FAE04EC0-301F-11D3-BF4B-00C04F79EFBC}") = "Paint.Tests", "Paint.Tests\Paint.Tests.csproj", "{1010AE4F-1B8A-4BA9-BD9E-1246C4FE81FB}"
EndProject
Project("{FAE04EC0-301F-11D3-BF4B-00C04F79EFBC}") = "LineLibrary", "LineLibrary\LineLibrary.csproj", "{BA6A165D-10F9-47CB-A9E1-467BB76322D0}"
EndProject
Global
	GlobalSection(SolutionConfigurationPlatforms) = preSolution
		Debug|Any CPU = Debug|Any CPU
		Release|Any CPU = Release|Any CPU
	EndGlobalSection
	GlobalSection(ProjectConfigurationPlatforms) = postSolution
		{A8910699-B3BD-4382-B9B5-80A367C5B749}.Debug|Any CPU.ActiveCfg = Debug|Any CPU
		{A8910699-B3BD-4382-B9B5-80A367C5B749}.Debug|Any CPU.Build.0 = Debug|Any CPU
		{A8910699-B3BD-4382-B9B5-80A367C5B749}.Release|Any CPU.ActiveCfg = Release|Any CPU
		{A8910699-B3BD-4382-B9B5-80A367C5B749}.Release|Any CPU.Build.0 = Release|Any CPU
		{1010AE4F-1B8A-4BA9-BD9E-1246C4FE81FB}.Debug|Any CPU.ActiveCfg = Debug|Any CPU
		{1010AE4F-1B8A-4BA9-BD9E-1246C4FE81FB}.Debug|Any CPU.Build.0 = Debug|Any CPU
		{1010AE4F-1B8A-4BA9-BD9E-1246C4FE81FB}.Release|Any CPU.ActiveCfg = Release|Any CPU
		{1010AE4F-1B8A-4BA9-BD9E-1246C4FE81FB}.Release|Any CPU.Build.0 = Release|Any CPU
		{BA6A165D-10F9-47CB-A9E1-467BB76322D0}.Debug|Any CPU.ActiveCfg = Debug|Any CPU
		{BA6A165D-10F9-47CB-A9E1-467BB76322D0}.Debug|Any CPU.Build.0 = Debug|Any CPU
		{BA6A165D-10F9-47CB-A9E1-467BB76322D0}.Release|Any CPU.ActiveCfg = Release|Any CPU
		{BA6A165D-10F9-47CB-A9E1-467BB76322D0}.Release|Any CPU.Build.0 = Release|Any CPU
	EndGlobalSection
EndGlobal
